schema: '2.0'
stages:
  prepare:
    cmd: echo "Verificando que los datos existen..."
    deps:
    - path: data/iris_dataset.csv
      hash: md5
      md5: 4aed53b1ca15e2e37c16315c531a823a
      size: 2964
  train:
    cmd: python train.py --n_estimators 99
    deps:
    - path: data/iris_dataset.csv
      hash: md5
      md5: 4aed53b1ca15e2e37c16315c531a823a
      size: 2964
    - path: requirements.txt
      hash: md5
      md5: 925e1ec5767e16b56bf93d7c61633787
      size: 118
    - path: train.py
      hash: md5
      md5: 8df83bb89e561e4a104825990c0fea05
      size: 3273
    params:
      params.yaml:
        train.n_estimators: 99
    outs:
    - path: confusion_matrix.png
      hash: md5
      md5: 8d9d8020ebeac24bfe9c6e8d4bd7a3d5
      size: 16464
    - path: mlflow_metrics.json
      hash: md5
      md5: 32f178ab516a8b1f981e6aeaede0b2db
      size: 32
    - path: model.pkl
      hash: md5
      md5: 53bf0b5e4b84a3f502bcc5f6a5929c03
      size: 169649
